// !$*UTF8*$!
{
	archiveVersion = 1;
	classes = {
	};
	objectVersion = 56;
	objects = {

/* Begin PBXBuildFile section */
		A10000000000000000000001 /* ZleppuApp.swift in Sources */ = {isa = PBXBuildFile; fileRef = A20000000000000000000001 /* ZleppuApp.swift */; };
		A10000000000000000000002 /* RootView.swift in Sources */ = {isa = PBXBuildFile; fileRef = A20000000000000000000002 /* RootView.swift */; };
		A10000000000000000000003 /* AuthState.swift in Sources */ = {isa = PBXBuildFile; fileRef = A20000000000000000000003 /* AuthState.swift */; };
		A10000000000000000000004 /* PhoneLoginView.swift in Sources */ = {isa = PBXBuildFile; fileRef = A20000000000000000000004 /* PhoneLoginView.swift */; };
		A10000000000000000000005 /* HomeView.swift in Sources */ = {isa = PBXBuildFile; fileRef = A20000000000000000000005 /* HomeView.swift */; };
		A10000000000000000000006 /* ZleppuTheme.swift in Sources */ = {isa = PBXBuildFile; fileRef = A20000000000000000000006 /* ZleppuTheme.swift */; };
		A10000000000000000000007 /* Assets.xcassets in Resources */ = {isa = PBXBuildFile; fileRef = A20000000000000000000007 /* Assets.xcassets */; };
		A10000000000000000000008 /* LandingView.swift in Sources */ = {isa = PBXBuildFile; fileRef = A20000000000000000000008 /* LandingView.swift */; };
		A10000000000000000000009 /* ZleppuComponents.swift in Sources */ = {isa = PBXBuildFile; fileRef = A20000000000000000000009 /* ZleppuComponents.swift */; };
		A10000000000000000000010 /* MockData.swift in Sources */ = {isa = PBXBuildFile; fileRef = A20000000000000000000010 /* MockData.swift */; };
		A10000000000000000000011 /* MainTabView.swift in Sources */ = {isa = PBXBuildFile; fileRef = A20000000000000000000011 /* MainTabView.swift */; };
		A10000000000000000000012 /* RoomsListView.swift in Sources */ = {isa = PBXBuildFile; fileRef = A20000000000000000000012 /* RoomsListView.swift */; };
		A10000000000000000000013 /* ChatView.swift in Sources */ = {isa = PBXBuildFile; fileRef = A20000000000000000000013 /* ChatView.swift */; };
		A10000000000000000000014 /* AlarmsView.swift in Sources */ = {isa = PBXBuildFile; fileRef = A20000000000000000000014 /* AlarmsView.swift */; };
		A10000000000000000000015 /* ApproveAlarmView.swift in Sources */ = {isa = PBXBuildFile; fileRef = A20000000000000000000015 /* ApproveAlarmView.swift */; };
		A10000000000000000000016 /* IncomingCallView.swift in Sources */ = {isa = PBXBuildFile; fileRef = A20000000000000000000016 /* IncomingCallView.swift */; };
		A10000000000000000000017 /* ActiveCallView.swift in Sources */ = {isa = PBXBuildFile; fileRef = A20000000000000000000017 /* ActiveCallView.swift */; };
		A10000000000000000000018 /* MorningSummaryView.swift in Sources */ = {isa = PBXBuildFile; fileRef = A20000000000000000000018 /* MorningSummaryView.swift */; };
		A10000000000000000000019 /* ProfileView.swift in Sources */ = {isa = PBXBuildFile; fileRef = A20000000000000000000019 /* ProfileView.swift */; };
		A10000000000000000000020 /* SettingsDetailView.swift in Sources */ = {isa = PBXBuildFile; fileRef = A20000000000000000000020 /* SettingsDetailView.swift */; };
		A10000000000000000000021 /* SunAccentIcon.swift in Sources */ = {isa = PBXBuildFile; fileRef = A20000000000000000000021 /* SunAccentIcon.swift */; };
/* End PBXBuildFile section */

/* Begin PBXFileReference section */
		A20000000000000000000001 /* ZleppuApp.swift */ = {isa = PBXFileReference; lastKnownFileType = sourcecode.swift; path = ZleppuApp.swift; sourceTree = "<group>"; };
		A20000000000000000000002 /* RootView.swift */ = {isa = PBXFileReference; lastKnownFileType = sourcecode.swift; path = RootView.swift; sourceTree = "<group>"; };
		A20000000000000000000003 /* AuthState.swift */ = {isa = PBXFileReference; lastKnownFileType = sourcecode.swift; path = AuthState.swift; sourceTree = "<group>"; };
		A20000000000000000000004 /* PhoneLoginView.swift */ = {isa = PBXFileReference; lastKnownFileType = sourcecode.swift; path = PhoneLoginView.swift; sourceTree = "<group>"; };
		A20000000000000000000005 /* HomeView.swift */ = {isa = PBXFileReference; lastKnownFileType = sourcecode.swift; path = HomeView.swift; sourceTree = "<group>"; };
		A20000000000000000000006 /* ZleppuTheme.swift */ = {isa = PBXFileReference; lastKnownFileType = sourcecode.swift; path = ZleppuTheme.swift; sourceTree = "<group>"; };
		A20000000000000000000007 /* Assets.xcassets */ = {isa = PBXFileReference; lastKnownFileType = folder.assetcatalog; path = Assets.xcassets; sourceTree = "<group>"; };
		A20000000000000000000008 /* LandingView.swift */ = {isa = PBXFileReference; lastKnownFileType = sourcecode.swift; path = LandingView.swift; sourceTree = "<group>"; };
		A20000000000000000000009 /* ZleppuComponents.swift */ = {isa = PBXFileReference; lastKnownFileType = sourcecode.swift; path = ZleppuComponents.swift; sourceTree = "<group>"; };
		A20000000000000000000010 /* MockData.swift */ = {isa = PBXFileReference; lastKnownFileType = sourcecode.swift; path = MockData.swift; sourceTree = "<group>"; };
		A20000000000000000000011 /* MainTabView.swift */ = {isa = PBXFileReference; lastKnownFileType = sourcecode.swift; path = MainTabView.swift; sourceTree = "<group>"; };
		A20000000000000000000012 /* RoomsListView.swift */ = {isa = PBXFileReference; lastKnownFileType = sourcecode.swift; path = RoomsListView.swift; sourceTree = "<group>"; };
		A20000000000000000000013 /* ChatView.swift */ = {isa = PBXFileReference; lastKnownFileType = sourcecode.swift; path = ChatView.swift; sourceTree = "<group>"; };
		A20000000000000000000014 /* AlarmsView.swift */ = {isa = PBXFileReference; lastKnownFileType = sourcecode.swift; path = AlarmsView.swift; sourceTree = "<group>"; };
		A20000000000000000000015 /* ApproveAlarmView.swift */ = {isa = PBXFileReference; lastKnownFileType = sourcecode.swift; path = ApproveAlarmView.swift; sourceTree = "<group>"; };
		A20000000000000000000016 /* IncomingCallView.swift */ = {isa = PBXFileReference; lastKnownFileType = sourcecode.swift; path = IncomingCallView.swift; sourceTree = "<group>"; };
		A20000000000000000000017 /* ActiveCallView.swift */ = {isa = PBXFileReference; lastKnownFileType = sourcecode.swift; path = ActiveCallView.swift; sourceTree = "<group>"; };
		A20000000000000000000018 /* MorningSummaryView.swift */ = {isa = PBXFileReference; lastKnownFileType = sourcecode.swift; path = MorningSummaryView.swift; sourceTree = "<group>"; };
		A20000000000000000000019 /* ProfileView.swift */ = {isa = PBXFileReference; lastKnownFileType = sourcecode.swift; path = ProfileView.swift; sourceTree = "<group>"; };
		A20000000000000000000020 /* SettingsDetailView.swift */ = {isa = PBXFileReference; lastKnownFileType = sourcecode.swift; path = SettingsDetailView.swift; sourceTree = "<group>"; };
		A20000000000000000000021 /* SunAccentIcon.swift */ = {isa = PBXFileReference; lastKnownFileType = sourcecode.swift; path = SunAccentIcon.swift; sourceTree = "<group>"; };
		A30000000000000000000001 /* Zleppu.app */ = {isa = PBXFileReference; explicitFileType = wrapper.application; includeInIndex = 0; path = Zleppu.app; sourceTree = BUILT_PRODUCTS_DIR; };
/* End PBXFileReference section */

/* Begin PBXFrameworksBuildPhase section */
		A40000000000000000000001 /* Frameworks */ = {
			isa = PBXFrameworksBuildPhase;
			buildActionMask = 2147483647;
			files = (
			);
			runOnlyForDeploymentPostprocessing = 0;
		};
/* End PBXFrameworksBuildPhase section */

/* Begin PBXGroup section */
		A50000000000000000000001 = {
			isa = PBXGroup;
			children = (
				A50000000000000000000002 /* Zleppu */,
				A50000000000000000000003 /* Products */,
			);
			sourceTree = "<group>";
		};
		A50000000000000000000002 /* Zleppu */ = {
			isa = PBXGroup;
			children = (
				A20000000000000000000001 /* ZleppuApp.swift */,
				A20000000000000000000002 /* RootView.swift */,
				A50000000000000000000004 /* Features */,
				A50000000000000000000005 /* Design */,
				A50000000000000000000008 /* Models */,
				A20000000000000000000007 /* Assets.xcassets */,
			);
			path = Zleppu;
			sourceTree = "<group>";
		};
		A50000000000000000000003 /* Products */ = {
			isa = PBXGroup;
			children = (
				A30000000000000000000001 /* Zleppu.app */,
			);
			name = Products;
			sourceTree = "<group>";
		};
		A50000000000000000000004 /* Features */ = {
			isa = PBXGroup;
			children = (
				A50000000000000000000006 /* Auth */,
				A50000000000000000000009 /* Main */,
				A50000000000000000000007 /* Home */,
				A50000000000000000000010 /* Rooms */,
				A50000000000000000000011 /* Alarms */,
				A50000000000000000000012 /* Calls */,
				A50000000000000000000013 /* Profile */,
			);
			path = Features;
			sourceTree = "<group>";
		};
		A50000000000000000000005 /* Design */ = {
			isa = PBXGroup;
			children = (
				A20000000000000000000006 /* ZleppuTheme.swift */,
				A50000000000000000000014 /* Components */,
			);
			path = Design;
			sourceTree = "<group>";
		};
		A50000000000000000000006 /* Auth */ = {
			isa = PBXGroup;
			children = (
				A20000000000000000000003 /* AuthState.swift */,
				A20000000000000000000008 /* LandingView.swift */,
				A20000000000000000000004 /* PhoneLoginView.swift */,
			);
			path = Auth;
			sourceTree = "<group>";
		};
		A50000000000000000000007 /* Home */ = {
			isa = PBXGroup;
			children = (
				A20000000000000000000005 /* HomeView.swift */,
			);
			path = Home;
			sourceTree = "<group>";
		};
		A50000000000000000000008 /* Models */ = {
			isa = PBXGroup;
			children = (
				A20000000000000000000010 /* MockData.swift */,
			);
			path = Models;
			sourceTree = "<group>";
		};
		A50000000000000000000009 /* Main */ = {
			isa = PBXGroup;
			children = (
				A20000000000000000000011 /* MainTabView.swift */,
			);
			path = Main;
			sourceTree = "<group>";
		};
		A50000000000000000000010 /* Rooms */ = {
			isa = PBXGroup;
			children = (
				A20000000000000000000012 /* RoomsListView.swift */,
				A20000000000000000000013 /* ChatView.swift */,
			);
			path = Rooms;
			sourceTree = "<group>";
		};
		A50000000000000000000011 /* Alarms */ = {
			isa = PBXGroup;
			children = (
				A20000000000000000000014 /* AlarmsView.swift */,
				A20000000000000000000015 /* ApproveAlarmView.swift */,
			);
			path = Alarms;
			sourceTree = "<group>";
		};
		A50000000000000000000012 /* Calls */ = {
			isa = PBXGroup;
			children = (
				A20000000000000000000016 /* IncomingCallView.swift */,
				A20000000000000000000017 /* ActiveCallView.swift */,
				A20000000000000000000018 /* MorningSummaryView.swift */,
			);
			path = Calls;
			sourceTree = "<group>";
		};
		A50000000000000000000013 /* Profile */ = {
			isa = PBXGroup;
			children = (
				A20000000000000000000019 /* ProfileView.swift */,
				A20000000000000000000020 /* SettingsDetailView.swift */,
			);
			path = Profile;
			sourceTree = "<group>";
		};
		A50000000000000000000014 /* Components */ = {
			isa = PBXGroup;
			children = (
				A20000000000000000000009 /* ZleppuComponents.swift */,
				A20000000000000000000021 /* SunAccentIcon.swift */,
			);
			path = Components;
			sourceTree = "<group>";
		};
/* End PBXGroup section */

/* Begin PBXNativeTarget section */
		A60000000000000000000001 /* Zleppu */ = {
			isa = PBXNativeTarget;
			buildConfigurationList = A80000000000000000000003 /* Build configuration list for PBXNativeTarget "Zleppu" */;
			buildPhases = (
				A70000000000000000000001 /* Sources */,
				A40000000000000000000001 /* Frameworks */,
				A70000000000000000000002 /* Resources */,
			);
			buildRules = (
			);
			dependencies = (
			);
			name = Zleppu;
			productName = Zleppu;
			productReference = A30000000000000000000001 /* Zleppu.app */;
			productType = "com.apple.product-type.application";
		};
/* End PBXNativeTarget section */

/* Begin PBXProject section */
		A90000000000000000000001 /* Project object */ = {
			isa = PBXProject;
			attributes = {
				BuildIndependentTargetsInParallel = 1;
				LastSwiftUpdateCheck = 1600;
				LastUpgradeCheck = 1600;
				TargetAttributes = {
					A60000000000000000000001 = {
						CreatedOnToolsVersion = 16.0;
					};
				};
			};
			buildConfigurationList = A80000000000000000000001 /* Build configuration list for PBXProject "Zleppu" */;
			compatibilityVersion = "Xcode 14.0";
			developmentRegion = en;
			hasScannedForEncodings = 0;
			knownRegions = (
				en,
				Base,
				sv,
			);
			mainGroup = A50000000000000000000001;
			productRefGroup = A50000000000000000000003 /* Products */;
			projectDirPath = "";
			projectRoot = "";
			targets = (
				A60000000000000000000001 /* Zleppu */,
			);
		};
/* End PBXProject section */

/* Begin PBXResourcesBuildPhase section */
		A70000000000000000000002 /* Resources */ = {
			isa = PBXResourcesBuildPhase;
			buildActionMask = 2147483647;
			files = (
				A10000000000000000000007 /* Assets.xcassets in Resources */,
			);
			runOnlyForDeploymentPostprocessing = 0;
		};
/* End PBXResourcesBuildPhase section */

/* Begin PBXSourcesBuildPhase section */
		A70000000000000000000001 /* Sources */ = {
			isa = PBXSourcesBuildPhase;
			buildActionMask = 2147483647;
			files = (
				A10000000000000000000001 /* ZleppuApp.swift in Sources */,
				A10000000000000000000002 /* RootView.swift in Sources */,
				A10000000000000000000003 /* AuthState.swift in Sources */,
				A10000000000000000000008 /* LandingView.swift in Sources */,
				A10000000000000000000004 /* PhoneLoginView.swift in Sources */,
				A10000000000000000000005 /* HomeView.swift in Sources */,
				A10000000000000000000006 /* ZleppuTheme.swift in Sources */,
				A10000000000000000000009 /* ZleppuComponents.swift in Sources */,
				A10000000000000000000010 /* MockData.swift in Sources */,
				A10000000000000000000011 /* MainTabView.swift in Sources */,
				A10000000000000000000012 /* RoomsListView.swift in Sources */,
				A10000000000000000000013 /* ChatView.swift in Sources */,
				A10000000000000000000014 /* AlarmsView.swift in Sources */,
				A10000000000000000000015 /* ApproveAlarmView.swift in Sources */,
				A10000000000000000000016 /* IncomingCallView.swift in Sources */,
				A10000000000000000000017 /* ActiveCallView.swift in Sources */,
				A10000000000000000000018 /* MorningSummaryView.swift in Sources */,
				A10000000000000000000019 /* ProfileView.swift in Sources */,
				A10000000000000000000020 /* SettingsDetailView.swift in Sources */,
				A10000000000000000000021 /* SunAccentIcon.swift in Sources */,
			);
			runOnlyForDeploymentPostprocessing = 0;
		};
/* End PBXSourcesBuildPhase section */

/* Begin XCBuildConfiguration section */
		AA0000000000000000000001 /* Debug */ = {
			isa = XCBuildConfiguration;
			buildSettings = {
				ALWAYS_SEARCH_USER_PATHS = NO;
				ASSETCATALOG_COMPILER_GENERATE_SWIFT_ASSET_SYMBOL_EXTENSIONS = YES;
				CLANG_ANALYZER_NONNULL = YES;
				CLANG_ENABLE_MODULES = YES;
				CLANG_ENABLE_OBJC_ARC = YES;
				COPY_PHASE_STRIP = NO;
				DEBUG_INFORMATION_FORMAT = dwarf;
				ENABLE_STRICT_OBJC_MSGSEND = YES;
				ENABLE_TESTABILITY = YES;
				GCC_DYNAMIC_NO_PIC = NO;
				GCC_OPTIMIZATION_LEVEL = 0;
				GCC_PREPROCESSOR_DEFINITIONS = (
					"DEBUG=1",
					"$(inherited)",
				);
				IPHONEOS_DEPLOYMENT_TARGET = 17.0;
				MTL_ENABLE_DEBUG_INFO = INCLUDE_SOURCE;
				ONLY_ACTIVE_ARCH = YES;
				SDKROOT = iphoneos;
				SWIFT_ACTIVE_COMPILATION_CONDITIONS = "DEBUG $(inherited)";
				SWIFT_OPTIMIZATION_LEVEL = "-Onone";
			};
			name = Debug;
		};
		AA0000000000000000000002 /* Release */ = {
			isa = XCBuildConfiguration;
			buildSettings = {
				ALWAYS_SEARCH_USER_PATHS = NO;
				ASSETCATALOG_COMPILER_GENERATE_SWIFT_ASSET_SYMBOL_EXTENSIONS = YES;
				CLANG_ANALYZER_NONNULL = YES;
				CLANG_ENABLE_MODULES = YES;
				CLANG_ENABLE_OBJC_ARC = YES;
				COPY_PHASE_STRIP = NO;
				DEBUG_INFORMATION_FORMAT = "dwarf-with-dsym";
				ENABLE_NS_ASSERTIONS = NO;
				ENABLE_STRICT_OBJC_MSGSEND = YES;
				GCC_OPTIMIZATION_LEVEL = s;
				IPHONEOS_DEPLOYMENT_TARGET = 17.0;
				MTL_ENABLE_DEBUG_INFO = NO;
				SDKROOT = iphoneos;
				SWIFT_COMPILATION_MODE = wholemodule;
				VALIDATE_PRODUCT = YES;
			};
			name = Release;
		};
		AA0000000000000000000003 /* Debug */ = {
			isa = XCBuildConfiguration;
			buildSettings = {
				ASSETCATALOG_COMPILER_APPICON_NAME = AppIcon;
				ASSETCATALOG_COMPILER_GLOBAL_ACCENT_COLOR_NAME = AccentColor;
				CODE_SIGN_STYLE = Automatic;
				CURRENT_PROJECT_VERSION = 1;
				DEVELOPMENT_ASSET_PATHS = "";
				ENABLE_PREVIEWS = YES;
				GENERATE_INFOPLIST_FILE = YES;
				INFOPLIST_KEY_CFBundleDisplayName = Zleppu;
				INFOPLIST_KEY_LSApplicationCategoryType = "public.app-category.lifestyle";
				INFOPLIST_KEY_UIApplicationSceneManifest_Generation = YES;
				INFOPLIST_KEY_UIApplicationSupportsIndirectInputEvents = YES;
				INFOPLIST_KEY_UILaunchScreen_Generation = YES;
				INFOPLIST_KEY_UISupportedInterfaceOrientations = UIInterfaceOrientationPortrait;
				INFOPLIST_KEY_UISupportedInterfaceOrientations_iPad = "UIInterfaceOrientationPortrait UIInterfaceOrientationPortraitUpsideDown UIInterfaceOrientationLandscapeLeft UIInterfaceOrientationLandscapeRight";
				LD_RUNPATH_SEARCH_PATHS = (
					"$(inherited)",
					"@executable_path/Frameworks",
				);
				MARKETING_VERSION = 0.1.0;
				PRODUCT_BUNDLE_IDENTIFIER = app.zleppu.ios;
				PRODUCT_NAME = "$(TARGET_NAME)";
				SUPPORTED_PLATFORMS = "iphoneos iphonesimulator";
				SUPPORTS_MACCATALYST = NO;
				SWIFT_EMIT_LOC_STRINGS = YES;
				SWIFT_VERSION = 5.0;
				TARGETED_DEVICE_FAMILY = 1;
			};
			name = Debug;
		};
		AA0000000000000000000004 /* Release */ = {
			isa = XCBuildConfiguration;
			buildSettings = {
				ASSETCATALOG_COMPILER_APPICON_NAME = AppIcon;
				ASSETCATALOG_COMPILER_GLOBAL_ACCENT_COLOR_NAME = AccentColor;
				CODE_SIGN_STYLE = Automatic;
				CURRENT_PROJECT_VERSION = 1;
				DEVELOPMENT_ASSET_PATHS = "";
				ENABLE_PREVIEWS = YES;
				GENERATE_INFOPLIST_FILE = YES;
				INFOPLIST_KEY_CFBundleDisplayName = Zleppu;
				INFOPLIST_KEY_LSApplicationCategoryType = "public.app-category.lifestyle";
				INFOPLIST_KEY_UIApplicationSceneManifest_Generation = YES;
				INFOPLIST_KEY_UIApplicationSupportsIndirectInputEvents = YES;
				INFOPLIST_KEY_UILaunchScreen_Generation = YES;
				INFOPLIST_KEY_UISupportedInterfaceOrientations = UIInterfaceOrientationPortrait;
				INFOPLIST_KEY_UISupportedInterfaceOrientations_iPad = "UIInterfaceOrientationPortrait UIInterfaceOrientationPortraitUpsideDown UIInterfaceOrientationLandscapeLeft UIInterfaceOrientationLandscapeRight";
				LD_RUNPATH_SEARCH_PATHS = (
					"$(inherited)",
					"@executable_path/Frameworks",
				);
				MARKETING_VERSION = 0.1.0;
				PRODUCT_BUNDLE_IDENTIFIER = app.zleppu.ios;
				PRODUCT_NAME = "$(TARGET_NAME)";
				SUPPORTED_PLATFORMS = "iphoneos iphonesimulator";
				SUPPORTS_MACCATALYST = NO;
				SWIFT_EMIT_LOC_STRINGS = YES;
				SWIFT_VERSION = 5.0;
				TARGETED_DEVICE_FAMILY = 1;
			};
			name = Release;
		};
/* End XCBuildConfiguration section */

/* Begin XCConfigurationList section */
		A80000000000000000000001 /* Build configuration list for PBXProject "Zleppu" */ = {
			isa = XCConfigurationList;
			buildConfigurations = (
				AA0000000000000000000001 /* Debug */,
				AA0000000000000000000002 /* Release */,
			);
			defaultConfigurationIsVisible = 0;
			defaultConfigurationName = Release;
		};
		A80000000000000000000003 /* Build configuration list for PBXNativeTarget "Zleppu" */ = {
			isa = XCConfigurationList;
			buildConfigurations = (
				AA0000000000000000000003 /* Debug */,
				AA0000000000000000000004 /* Release */,
			);
			defaultConfigurationIsVisible = 0;
			defaultConfigurationName = Release;
		};
/* End XCConfigurationList section */
	};
	rootObject = A90000000000000000000001 /* Project object */;
}
